
Microsoft Visual Studio Solution File, Format Version 12.00
# Visual Studio Version 16
VisualStudioVersion = 16.0.30114.105
MinimumVisualStudioVersion = 10.0.40219.1
Project("{2150E333-8FDC-42A3-9474-1A3956D46DE8}") = "src", "src", "{DD69B216-286E-47A4-AF18-EB7061766D8B}"
EndProject
Project("{FAE04EC0-301F-11D3-BF4B-00C04F79EFBC}") = "WebUI", "src\WebUI\WebUI.csproj", "{4C957828-71B1-4D39-82D8-22D002BD1ABD}"
EndProject
Project("{FAE04EC0-301F-11D3-BF4B-00C04F79EFBC}") = "Infrastructure", "src\Infrastructure\Infrastructure.csproj", "{2FCC6D37-06C1-4910-8472-50B01A8D61D0}"
EndProject
Project("{FAE04EC0-301F-11D3-BF4B-00C04F79EFBC}") = "Domain", "src\Domain\Domain.csproj", "{1F9595D5-1FF6-4627-875B-B900A7FA35C3}"
EndProject
Project("{FAE04EC0-301F-11D3-BF4B-00C04F79EFBC}") = "Application", "src\Application\Application.csproj", "{344F6E1C-1064-4423-AA5C-55F84E8DCE43}"
EndProject
Global
	GlobalSection(SolutionConfigurationPlatforms) = preSolution
		Debug|Any CPU = Debug|Any CPU
		Release|Any CPU = Release|Any CPU
	EndGlobalSection
	GlobalSection(SolutionProperties) = preSolution
		HideSolutionNode = FALSE
	EndGlobalSection
	GlobalSection(ProjectConfigurationPlatforms) = postSolution
		{4C957828-71B1-4D39-82D8-22D002BD1ABD}.Debug|Any CPU.ActiveCfg = Debug|Any CPU
		{4C957828-71B1-4D39-82D8-22D002BD1ABD}.Debug|Any CPU.Build.0 = Debug|Any CPU
		{4C957828-71B1-4D39-82D8-22D002BD1ABD}.Release|Any CPU.ActiveCfg = Release|Any CPU
		{4C957828-71B1-4D39-82D8-22D002BD1ABD}.Release|Any CPU.Build.0 = Release|Any CPU
		{2FCC6D37-06C1-4910-8472-50B01A8D61D0}.Debug|Any CPU.ActiveCfg = Debug|Any CPU
		{2FCC6D37-06C1-4910-8472-50B01A8D61D0}.Debug|Any CPU.Build.0 = Debug|Any CPU
		{2FCC6D37-06C1-4910-8472-50B01A8D61D0}.Release|Any CPU.ActiveCfg = Release|Any CPU
		{2FCC6D37-06C1-4910-8472-50B01A8D61D0}.Release|Any CPU.Build.0 = Release|Any CPU
		{1F9595D5-1FF6-4627-875B-B900A7FA35C3}.Debug|Any CPU.ActiveCfg = Debug|Any CPU
		{1F9595D5-1FF6-4627-875B-B900A7FA35C3}.Debug|Any CPU.Build.0 = Debug|Any CPU
		{1F9595D5-1FF6-4627-875B-B900A7FA35C3}.Release|Any CPU.ActiveCfg = Release|Any CPU
		{1F9595D5-1FF6-4627-875B-B900A7FA35C3}.Release|Any CPU.Build.0 = Release|Any CPU
		{344F6E1C-1064-4423-AA5C-55F84E8DCE43}.Debug|Any CPU.ActiveCfg = Debug|Any CPU
		{344F6E1C-1064-4423-AA5C-55F84E8DCE43}.Debug|Any CPU.Build.0 = Debug|Any CPU
		{344F6E1C-1064-4423-AA5C-55F84E8DCE43}.Release|Any CPU.ActiveCfg = Release|Any CPU
		{344F6E1C-1064-4423-AA5C-55F84E8DCE43}.Release|Any CPU.Build.0 = Release|Any CPU
	EndGlobalSection
	GlobalSection(NestedProjects) = preSolution
		{4C957828-71B1-4D39-82D8-22D002BD1ABD} = {DD69B216-286E-47A4-AF18-EB7061766D8B}
		{2FCC6D37-06C1-4910-8472-50B01A8D61D0} = {DD69B216-286E-47A4-AF18-EB7061766D8B}
		{1F9595D5-1FF6-4627-875B-B900A7FA35C3} = {DD69B216-286E-47A4-AF18-EB7061766D8B}
		{344F6E1C-1064-4423-AA5C-55F84E8DCE43} = {DD69B216-286E-47A4-AF18-EB7061766D8B}
	EndGlobalSection
EndGlobal
