
Microsoft Visual Studio Solution File, Format Version 12.00
# Visual Studio Version 16
VisualStudioVersion = 16.0.30114.105
MinimumVisualStudioVersion = 10.0.40219.1
Project("{2150E333-8FDC-42A3-9474-1A3956D46DE8}") = "src", "src", "{DD69B216-286E-47A4-AF18-EB7061766D8B}"
EndProject
Project("{FAE04EC0-301F-11D3-BF4B-00C04F79EFBC}") = "Dovecord", "src\Dovecord\Dovecord.csproj", "{4C957828-71B1-4D39-82D8-22D002BD1ABD}"
EndProject
Project("{FAE04EC0-301F-11D3-BF4B-00C04F79EFBC}") = "Dovecord.Orleans", "src\Dovecord.Orleans\Dovecord.Orleans.csproj", "{15FC65BD-1613-4E04-9DDE-206384659F0F}"
EndProject
Project("{FAE04EC0-301F-11D3-BF4B-00C04F79EFBC}") = "Dovecord.Domain", "src\Dovecord.Domain\Dovecord.Domain.csproj", "{12007563-882E-4254-A389-32A0A38EA08F}"
EndProject
Project("{2150E333-8FDC-42A3-9474-1A3956D46DE8}") = "API", "API", "{B95FCCC1-BF08-4D05-B54E-F4D806CC6FF6}"
EndProject
Project("{2150E333-8FDC-42A3-9474-1A3956D46DE8}") = "Infrastructure", "Infrastructure", "{28830121-3996-45BE-A1A6-AEDD55BE53CF}"
EndProject
Project("{FAE04EC0-301F-11D3-BF4B-00C04F79EFBC}") = "DataAccess", "src\DataAccess\DataAccess.csproj", "{9AEEAFF8-7FEA-456B-ABFA-56837C3EB0FD}"
EndProject
Global
	GlobalSection(SolutionConfigurationPlatforms) = preSolution
		Debug|Any CPU = Debug|Any CPU
		Release|Any CPU = Release|Any CPU
	EndGlobalSection
	GlobalSection(SolutionProperties) = preSolution
		HideSolutionNode = FALSE
	EndGlobalSection
	GlobalSection(ProjectConfigurationPlatforms) = postSolution
		{4C957828-71B1-4D39-82D8-22D002BD1ABD}.Debug|Any CPU.ActiveCfg = Debug|Any CPU
		{4C957828-71B1-4D39-82D8-22D002BD1ABD}.Debug|Any CPU.Build.0 = Debug|Any CPU
		{4C957828-71B1-4D39-82D8-22D002BD1ABD}.Release|Any CPU.ActiveCfg = Release|Any CPU
		{4C957828-71B1-4D39-82D8-22D002BD1ABD}.Release|Any CPU.Build.0 = Release|Any CPU
		{15FC65BD-1613-4E04-9DDE-206384659F0F}.Debug|Any CPU.ActiveCfg = Debug|Any CPU
		{15FC65BD-1613-4E04-9DDE-206384659F0F}.Debug|Any CPU.Build.0 = Debug|Any CPU
		{15FC65BD-1613-4E04-9DDE-206384659F0F}.Release|Any CPU.ActiveCfg = Release|Any CPU
		{15FC65BD-1613-4E04-9DDE-206384659F0F}.Release|Any CPU.Build.0 = Release|Any CPU
		{12007563-882E-4254-A389-32A0A38EA08F}.Debug|Any CPU.ActiveCfg = Debug|Any CPU
		{12007563-882E-4254-A389-32A0A38EA08F}.Debug|Any CPU.Build.0 = Debug|Any CPU
		{12007563-882E-4254-A389-32A0A38EA08F}.Release|Any CPU.ActiveCfg = Release|Any CPU
		{12007563-882E-4254-A389-32A0A38EA08F}.Release|Any CPU.Build.0 = Release|Any CPU
		{9AEEAFF8-7FEA-456B-ABFA-56837C3EB0FD}.Debug|Any CPU.ActiveCfg = Debug|Any CPU
		{9AEEAFF8-7FEA-456B-ABFA-56837C3EB0FD}.Debug|Any CPU.Build.0 = Debug|Any CPU
		{9AEEAFF8-7FEA-456B-ABFA-56837C3EB0FD}.Release|Any CPU.ActiveCfg = Release|Any CPU
		{9AEEAFF8-7FEA-456B-ABFA-56837C3EB0FD}.Release|Any CPU.Build.0 = Release|Any CPU
	EndGlobalSection
	GlobalSection(NestedProjects) = preSolution
		{B95FCCC1-BF08-4D05-B54E-F4D806CC6FF6} = {DD69B216-286E-47A4-AF18-EB7061766D8B}
		{4C957828-71B1-4D39-82D8-22D002BD1ABD} = {B95FCCC1-BF08-4D05-B54E-F4D806CC6FF6}
		{15FC65BD-1613-4E04-9DDE-206384659F0F} = {B95FCCC1-BF08-4D05-B54E-F4D806CC6FF6}
		{12007563-882E-4254-A389-32A0A38EA08F} = {B95FCCC1-BF08-4D05-B54E-F4D806CC6FF6}
		{28830121-3996-45BE-A1A6-AEDD55BE53CF} = {DD69B216-286E-47A4-AF18-EB7061766D8B}
		{9AEEAFF8-7FEA-456B-ABFA-56837C3EB0FD} = {28830121-3996-45BE-A1A6-AEDD55BE53CF}
	EndGlobalSection
EndGlobal
